
Microsoft Visual Studio Solution File, Format Version 12.00
# Visual Studio Version 17
VisualStudioVersion = 17.3.32811.315
MinimumVisualStudioVersion = 10.0.40219.1
Project("{9A19103F-16F7-4668-BE54-9A1E7A4F7556}") = "ParametricRollTopTier", "ParametricRollTopTier.csproj", "{95674F75-CC2A-49C9-BFEB-8D3058F33DBF}"
EndProject
Project("{9A19103F-16F7-4668-BE54-9A1E7A4F7556}") = "TopTierConsole", "..\TopTierConsole\TopTierConsole.csproj", "{39B73F04-3A77-4419-8581-45D9E20CC505}"
EndProject
Project("{FAE04EC0-301F-11D3-BF4B-00C04F79EFBC}") = "ParametricRollUnitTest", "..\ParametricRollUnitTest\ParametricRollUnitTest.csproj", "{BBED056F-6879-4EF6-A6EC-6FFFE860BD73}"
EndProject
Global
	GlobalSection(SolutionConfigurationPlatforms) = preSolution
		Debug|Any CPU = Debug|Any CPU
		Release|Any CPU = Release|Any CPU
	EndGlobalSection
	GlobalSection(ProjectConfigurationPlatforms) = postSolution
		{95674F75-CC2A-49C9-BFEB-8D3058F33DBF}.Debug|Any CPU.ActiveCfg = Debug|Any CPU
		{95674F75-CC2A-49C9-BFEB-8D3058F33DBF}.Debug|Any CPU.Build.0 = Debug|Any CPU
		{95674F75-CC2A-49C9-BFEB-8D3058F33DBF}.Release|Any CPU.ActiveCfg = Release|Any CPU
		{95674F75-CC2A-49C9-BFEB-8D3058F33DBF}.Release|Any CPU.Build.0 = Release|Any CPU
		{39B73F04-3A77-4419-8581-45D9E20CC505}.Debug|Any CPU.ActiveCfg = Debug|Any CPU
		{39B73F04-3A77-4419-8581-45D9E20CC505}.Debug|Any CPU.Build.0 = Debug|Any CPU
		{39B73F04-3A77-4419-8581-45D9E20CC505}.Release|Any CPU.ActiveCfg = Release|Any CPU
		{39B73F04-3A77-4419-8581-45D9E20CC505}.Release|Any CPU.Build.0 = Release|Any CPU
		{BBED056F-6879-4EF6-A6EC-6FFFE860BD73}.Debug|Any CPU.ActiveCfg = Debug|Any CPU
		{BBED056F-6879-4EF6-A6EC-6FFFE860BD73}.Debug|Any CPU.Build.0 = Debug|Any CPU
		{BBED056F-6879-4EF6-A6EC-6FFFE860BD73}.Release|Any CPU.ActiveCfg = Release|Any CPU
		{BBED056F-6879-4EF6-A6EC-6FFFE860BD73}.Release|Any CPU.Build.0 = Release|Any CPU
	EndGlobalSection
	GlobalSection(SolutionProperties) = preSolution
		HideSolutionNode = FALSE
	EndGlobalSection
	GlobalSection(ExtensibilityGlobals) = postSolution
		SolutionGuid = {1ABAC6E2-3F8F-470B-93D3-5CC8BE6C2120}
	EndGlobalSection
EndGlobal
